
Microsoft Visual Studio Solution File, Format Version 12.00
# Visual Studio Version 16
VisualStudioVersion = 16.0.32002.261
MinimumVisualStudioVersion = 10.0.40219.1
Project("{8BC9CEB8-8B4A-11D0-8D11-00A0C91BC942}") = "1.const 引用", "OOP.vcxproj", "{8528EECC-9D23-4970-AB5B-3AC40FB7DB0D}"
EndProject
Project("{8BC9CEB8-8B4A-11D0-8D11-00A0C91BC942}") = "2.  拷贝构造——the copy constructor", "..\2.  拷贝构造——the copy constructor\2.  拷贝构造——the copy constructor.vcxproj", "{464F9183-8BC0-4AFC-A9AB-A44815D1880D}"
EndProject
Project("{8BC9CEB8-8B4A-11D0-8D11-00A0C91BC942}") = "test1.奇怪的类复制", "..\test1.奇怪的类复制\test1.奇怪的类复制.vcxproj", "{5826ADE4-5042-4F26-B07F-1C17ED80303A}"
EndProject
Project("{8BC9CEB8-8B4A-11D0-8D11-00A0C91BC942}") = "test2. 复数类", "..\test2. 复数类\test2. 复数类.vcxproj", "{D9C4BC8F-AA9E-43F3-86DE-F4AEBEF60375}"
EndProject
Project("{8BC9CEB8-8B4A-11D0-8D11-00A0C91BC942}") = "project1. 魔兽世界——备战", "..\project1. 魔兽世界——备战\project1. 魔兽世界——备战.vcxproj", "{77E3BAEF-F9B6-4002-9267-A25836039567}"
EndProject
Project("{8BC9CEB8-8B4A-11D0-8D11-00A0C91BC942}") = "3. 静态变量", "..\3. 静态变量\3. 静态变量.vcxproj", "{A31F01BC-467D-4AF7-951C-4BF75B92DB50}"
EndProject
Project("{8BC9CEB8-8B4A-11D0-8D11-00A0C91BC942}") = "4. 继承，多态——inheritance, polymorphism", "..\4. 继承，多态——inheritance, polymorphism\4. 继承，多态——inheritance, polymorphism.vcxproj", "{83CB7394-EB8E-47FD-AF5A-F0A2B6989128}"
EndProject
Project("{8BC9CEB8-8B4A-11D0-8D11-00A0C91BC942}") = "test3. 看上去像多态", "..\test3. 看上去像多态\test3. 看上去像多态.vcxproj", "{10335601-E1D0-455A-A17F-3DDE69CD4029}"
EndProject
Global
	GlobalSection(SolutionConfigurationPlatforms) = preSolution
		Debug|x64 = Debug|x64
		Debug|x86 = Debug|x86
		Release|x64 = Release|x64
		Release|x86 = Release|x86
	EndGlobalSection
	GlobalSection(ProjectConfigurationPlatforms) = postSolution
		{8528EECC-9D23-4970-AB5B-3AC40FB7DB0D}.Debug|x64.ActiveCfg = Debug|x64
		{8528EECC-9D23-4970-AB5B-3AC40FB7DB0D}.Debug|x64.Build.0 = Debug|x64
		{8528EECC-9D23-4970-AB5B-3AC40FB7DB0D}.Debug|x86.ActiveCfg = Debug|Win32
		{8528EECC-9D23-4970-AB5B-3AC40FB7DB0D}.Debug|x86.Build.0 = Debug|Win32
		{8528EECC-9D23-4970-AB5B-3AC40FB7DB0D}.Release|x64.ActiveCfg = Release|x64
		{8528EECC-9D23-4970-AB5B-3AC40FB7DB0D}.Release|x64.Build.0 = Release|x64
		{8528EECC-9D23-4970-AB5B-3AC40FB7DB0D}.Release|x86.ActiveCfg = Release|Win32
		{8528EECC-9D23-4970-AB5B-3AC40FB7DB0D}.Release|x86.Build.0 = Release|Win32
		{464F9183-8BC0-4AFC-A9AB-A44815D1880D}.Debug|x64.ActiveCfg = Debug|x64
		{464F9183-8BC0-4AFC-A9AB-A44815D1880D}.Debug|x64.Build.0 = Debug|x64
		{464F9183-8BC0-4AFC-A9AB-A44815D1880D}.Debug|x86.ActiveCfg = Debug|Win32
		{464F9183-8BC0-4AFC-A9AB-A44815D1880D}.Debug|x86.Build.0 = Debug|Win32
		{464F9183-8BC0-4AFC-A9AB-A44815D1880D}.Release|x64.ActiveCfg = Release|x64
		{464F9183-8BC0-4AFC-A9AB-A44815D1880D}.Release|x64.Build.0 = Release|x64
		{464F9183-8BC0-4AFC-A9AB-A44815D1880D}.Release|x86.ActiveCfg = Release|Win32
		{464F9183-8BC0-4AFC-A9AB-A44815D1880D}.Release|x86.Build.0 = Release|Win32
		{5826ADE4-5042-4F26-B07F-1C17ED80303A}.Debug|x64.ActiveCfg = Debug|x64
		{5826ADE4-5042-4F26-B07F-1C17ED80303A}.Debug|x64.Build.0 = Debug|x64
		{5826ADE4-5042-4F26-B07F-1C17ED80303A}.Debug|x86.ActiveCfg = Debug|Win32
		{5826ADE4-5042-4F26-B07F-1C17ED80303A}.Debug|x86.Build.0 = Debug|Win32
		{5826ADE4-5042-4F26-B07F-1C17ED80303A}.Release|x64.ActiveCfg = Release|x64
		{5826ADE4-5042-4F26-B07F-1C17ED80303A}.Release|x64.Build.0 = Release|x64
		{5826ADE4-5042-4F26-B07F-1C17ED80303A}.Release|x86.ActiveCfg = Release|Win32
		{5826ADE4-5042-4F26-B07F-1C17ED80303A}.Release|x86.Build.0 = Release|Win32
		{D9C4BC8F-AA9E-43F3-86DE-F4AEBEF60375}.Debug|x64.ActiveCfg = Debug|x64
		{D9C4BC8F-AA9E-43F3-86DE-F4AEBEF60375}.Debug|x64.Build.0 = Debug|x64
		{D9C4BC8F-AA9E-43F3-86DE-F4AEBEF60375}.Debug|x86.ActiveCfg = Debug|Win32
		{D9C4BC8F-AA9E-43F3-86DE-F4AEBEF60375}.Debug|x86.Build.0 = Debug|Win32
		{D9C4BC8F-AA9E-43F3-86DE-F4AEBEF60375}.Release|x64.ActiveCfg = Release|x64
		{D9C4BC8F-AA9E-43F3-86DE-F4AEBEF60375}.Release|x64.Build.0 = Release|x64
		{D9C4BC8F-AA9E-43F3-86DE-F4AEBEF60375}.Release|x86.ActiveCfg = Release|Win32
		{D9C4BC8F-AA9E-43F3-86DE-F4AEBEF60375}.Release|x86.Build.0 = Release|Win32
		{77E3BAEF-F9B6-4002-9267-A25836039567}.Debug|x64.ActiveCfg = Debug|x64
		{77E3BAEF-F9B6-4002-9267-A25836039567}.Debug|x64.Build.0 = Debug|x64
		{77E3BAEF-F9B6-4002-9267-A25836039567}.Debug|x86.ActiveCfg = Debug|Win32
		{77E3BAEF-F9B6-4002-9267-A25836039567}.Debug|x86.Build.0 = Debug|Win32
		{77E3BAEF-F9B6-4002-9267-A25836039567}.Release|x64.ActiveCfg = Release|x64
		{77E3BAEF-F9B6-4002-9267-A25836039567}.Release|x64.Build.0 = Release|x64
		{77E3BAEF-F9B6-4002-9267-A25836039567}.Release|x86.ActiveCfg = Release|Win32
		{77E3BAEF-F9B6-4002-9267-A25836039567}.Release|x86.Build.0 = Release|Win32
		{A31F01BC-467D-4AF7-951C-4BF75B92DB50}.Debug|x64.ActiveCfg = Debug|x64
		{A31F01BC-467D-4AF7-951C-4BF75B92DB50}.Debug|x64.Build.0 = Debug|x64
		{A31F01BC-467D-4AF7-951C-4BF75B92DB50}.Debug|x86.ActiveCfg = Debug|Win32
		{A31F01BC-467D-4AF7-951C-4BF75B92DB50}.Debug|x86.Build.0 = Debug|Win32
		{A31F01BC-467D-4AF7-951C-4BF75B92DB50}.Release|x64.ActiveCfg = Release|x64
		{A31F01BC-467D-4AF7-951C-4BF75B92DB50}.Release|x64.Build.0 = Release|x64
		{A31F01BC-467D-4AF7-951C-4BF75B92DB50}.Release|x86.ActiveCfg = Release|Win32
		{A31F01BC-467D-4AF7-951C-4BF75B92DB50}.Release|x86.Build.0 = Release|Win32
		{83CB7394-EB8E-47FD-AF5A-F0A2B6989128}.Debug|x64.ActiveCfg = Debug|x64
		{83CB7394-EB8E-47FD-AF5A-F0A2B6989128}.Debug|x64.Build.0 = Debug|x64
		{83CB7394-EB8E-47FD-AF5A-F0A2B6989128}.Debug|x86.ActiveCfg = Debug|Win32
		{83CB7394-EB8E-47FD-AF5A-F0A2B6989128}.Debug|x86.Build.0 = Debug|Win32
		{83CB7394-EB8E-47FD-AF5A-F0A2B6989128}.Release|x64.ActiveCfg = Release|x64
		{83CB7394-EB8E-47FD-AF5A-F0A2B6989128}.Release|x64.Build.0 = Release|x64
		{83CB7394-EB8E-47FD-AF5A-F0A2B6989128}.Release|x86.ActiveCfg = Release|Win32
		{83CB7394-EB8E-47FD-AF5A-F0A2B6989128}.Release|x86.Build.0 = Release|Win32
		{10335601-E1D0-455A-A17F-3DDE69CD4029}.Debug|x64.ActiveCfg = Debug|x64
		{10335601-E1D0-455A-A17F-3DDE69CD4029}.Debug|x64.Build.0 = Debug|x64
		{10335601-E1D0-455A-A17F-3DDE69CD4029}.Debug|x86.ActiveCfg = Debug|Win32
		{10335601-E1D0-455A-A17F-3DDE69CD4029}.Debug|x86.Build.0 = Debug|Win32
		{10335601-E1D0-455A-A17F-3DDE69CD4029}.Release|x64.ActiveCfg = Release|x64
		{10335601-E1D0-455A-A17F-3DDE69CD4029}.Release|x64.Build.0 = Release|x64
		{10335601-E1D0-455A-A17F-3DDE69CD4029}.Release|x86.ActiveCfg = Release|Win32
		{10335601-E1D0-455A-A17F-3DDE69CD4029}.Release|x86.Build.0 = Release|Win32
	EndGlobalSection
	GlobalSection(SolutionProperties) = preSolution
		HideSolutionNode = FALSE
	EndGlobalSection
	GlobalSection(ExtensibilityGlobals) = postSolution
		SolutionGuid = {3F6FD0D6-FA76-484D-B8D0-9BDD7708D497}
	EndGlobalSection
EndGlobal
