
Microsoft Visual Studio Solution File, Format Version 12.00
# Visual Studio Version 16
VisualStudioVersion = 16.0.32510.428
MinimumVisualStudioVersion = 10.0.40219.1
Project("{8BC9CEB8-8B4A-11D0-8D11-00A0C91BC942}") = "STL", "STL.vcxproj", "{FE81B6D1-C805-494A-A6A7-6997CED7A9AD}"
EndProject
Project("{8BC9CEB8-8B4A-11D0-8D11-00A0C91BC942}") = "作业1——goodcopy", "..\作业1——goodcopy\作业1——goodcopy.vcxproj", "{B03B275C-E742-43E3-BE98-B0E365E1BB00}"
EndProject
Project("{8BC9CEB8-8B4A-11D0-8D11-00A0C91BC942}") = "作业2——按距离排序", "..\作业2——按距离排序\作业2——按距离排序.vcxproj", "{D52CB98D-AD15-42A8-ACD7-A5AC8F7B55BC}"
EndProject
Project("{8BC9CEB8-8B4A-11D0-8D11-00A0C91BC942}") = "作业3——很难蒙混过关的3Darray", "..\作业3——很难蒙混过关的3Darray\作业3——很难蒙混过关的3Darray.vcxproj", "{255E56A4-F4FA-4D12-AF5C-B1BB5ED596B8}"
EndProject
Project("{8BC9CEB8-8B4A-11D0-8D11-00A0C91BC942}") = "作业4——魔兽世界二", "..\作业4——魔兽世界二\作业4——魔兽世界二.vcxproj", "{0B0AC592-6848-4DBD-9AEC-78B8A0673145}"
EndProject
Project("{8BC9CEB8-8B4A-11D0-8D11-00A0C91BC942}") = "项目——魔兽世界3——开战", "..\项目——魔兽世界3——开展\项目——魔兽世界3——开展.vcxproj", "{4A8CE4C3-EF45-401B-BB7E-DC94271F9027}"
EndProject
Project("{8BC9CEB8-8B4A-11D0-8D11-00A0C91BC942}") = "test1", "..\test1\test1.vcxproj", "{8F634CFF-9D94-4116-9CF6-10B09CD68C50}"
EndProject
Global
	GlobalSection(SolutionConfigurationPlatforms) = preSolution
		Debug|x64 = Debug|x64
		Debug|x86 = Debug|x86
		Release|x64 = Release|x64
		Release|x86 = Release|x86
	EndGlobalSection
	GlobalSection(ProjectConfigurationPlatforms) = postSolution
		{FE81B6D1-C805-494A-A6A7-6997CED7A9AD}.Debug|x64.ActiveCfg = Debug|x64
		{FE81B6D1-C805-494A-A6A7-6997CED7A9AD}.Debug|x64.Build.0 = Debug|x64
		{FE81B6D1-C805-494A-A6A7-6997CED7A9AD}.Debug|x86.ActiveCfg = Debug|Win32
		{FE81B6D1-C805-494A-A6A7-6997CED7A9AD}.Debug|x86.Build.0 = Debug|Win32
		{FE81B6D1-C805-494A-A6A7-6997CED7A9AD}.Release|x64.ActiveCfg = Release|x64
		{FE81B6D1-C805-494A-A6A7-6997CED7A9AD}.Release|x64.Build.0 = Release|x64
		{FE81B6D1-C805-494A-A6A7-6997CED7A9AD}.Release|x86.ActiveCfg = Release|Win32
		{FE81B6D1-C805-494A-A6A7-6997CED7A9AD}.Release|x86.Build.0 = Release|Win32
		{B03B275C-E742-43E3-BE98-B0E365E1BB00}.Debug|x64.ActiveCfg = Debug|x64
		{B03B275C-E742-43E3-BE98-B0E365E1BB00}.Debug|x64.Build.0 = Debug|x64
		{B03B275C-E742-43E3-BE98-B0E365E1BB00}.Debug|x86.ActiveCfg = Debug|Win32
		{B03B275C-E742-43E3-BE98-B0E365E1BB00}.Debug|x86.Build.0 = Debug|Win32
		{B03B275C-E742-43E3-BE98-B0E365E1BB00}.Release|x64.ActiveCfg = Release|x64
		{B03B275C-E742-43E3-BE98-B0E365E1BB00}.Release|x64.Build.0 = Release|x64
		{B03B275C-E742-43E3-BE98-B0E365E1BB00}.Release|x86.ActiveCfg = Release|Win32
		{B03B275C-E742-43E3-BE98-B0E365E1BB00}.Release|x86.Build.0 = Release|Win32
		{D52CB98D-AD15-42A8-ACD7-A5AC8F7B55BC}.Debug|x64.ActiveCfg = Debug|x64
		{D52CB98D-AD15-42A8-ACD7-A5AC8F7B55BC}.Debug|x64.Build.0 = Debug|x64
		{D52CB98D-AD15-42A8-ACD7-A5AC8F7B55BC}.Debug|x86.ActiveCfg = Debug|Win32
		{D52CB98D-AD15-42A8-ACD7-A5AC8F7B55BC}.Debug|x86.Build.0 = Debug|Win32
		{D52CB98D-AD15-42A8-ACD7-A5AC8F7B55BC}.Release|x64.ActiveCfg = Release|x64
		{D52CB98D-AD15-42A8-ACD7-A5AC8F7B55BC}.Release|x64.Build.0 = Release|x64
		{D52CB98D-AD15-42A8-ACD7-A5AC8F7B55BC}.Release|x86.ActiveCfg = Release|Win32
		{D52CB98D-AD15-42A8-ACD7-A5AC8F7B55BC}.Release|x86.Build.0 = Release|Win32
		{255E56A4-F4FA-4D12-AF5C-B1BB5ED596B8}.Debug|x64.ActiveCfg = Debug|x64
		{255E56A4-F4FA-4D12-AF5C-B1BB5ED596B8}.Debug|x64.Build.0 = Debug|x64
		{255E56A4-F4FA-4D12-AF5C-B1BB5ED596B8}.Debug|x86.ActiveCfg = Debug|Win32
		{255E56A4-F4FA-4D12-AF5C-B1BB5ED596B8}.Debug|x86.Build.0 = Debug|Win32
		{255E56A4-F4FA-4D12-AF5C-B1BB5ED596B8}.Release|x64.ActiveCfg = Release|x64
		{255E56A4-F4FA-4D12-AF5C-B1BB5ED596B8}.Release|x64.Build.0 = Release|x64
		{255E56A4-F4FA-4D12-AF5C-B1BB5ED596B8}.Release|x86.ActiveCfg = Release|Win32
		{255E56A4-F4FA-4D12-AF5C-B1BB5ED596B8}.Release|x86.Build.0 = Release|Win32
		{0B0AC592-6848-4DBD-9AEC-78B8A0673145}.Debug|x64.ActiveCfg = Debug|x64
		{0B0AC592-6848-4DBD-9AEC-78B8A0673145}.Debug|x64.Build.0 = Debug|x64
		{0B0AC592-6848-4DBD-9AEC-78B8A0673145}.Debug|x86.ActiveCfg = Debug|Win32
		{0B0AC592-6848-4DBD-9AEC-78B8A0673145}.Debug|x86.Build.0 = Debug|Win32
		{0B0AC592-6848-4DBD-9AEC-78B8A0673145}.Release|x64.ActiveCfg = Release|x64
		{0B0AC592-6848-4DBD-9AEC-78B8A0673145}.Release|x64.Build.0 = Release|x64
		{0B0AC592-6848-4DBD-9AEC-78B8A0673145}.Release|x86.ActiveCfg = Release|Win32
		{0B0AC592-6848-4DBD-9AEC-78B8A0673145}.Release|x86.Build.0 = Release|Win32
		{4A8CE4C3-EF45-401B-BB7E-DC94271F9027}.Debug|x64.ActiveCfg = Debug|x64
		{4A8CE4C3-EF45-401B-BB7E-DC94271F9027}.Debug|x64.Build.0 = Debug|x64
		{4A8CE4C3-EF45-401B-BB7E-DC94271F9027}.Debug|x86.ActiveCfg = Debug|Win32
		{4A8CE4C3-EF45-401B-BB7E-DC94271F9027}.Debug|x86.Build.0 = Debug|Win32
		{4A8CE4C3-EF45-401B-BB7E-DC94271F9027}.Release|x64.ActiveCfg = Release|x64
		{4A8CE4C3-EF45-401B-BB7E-DC94271F9027}.Release|x64.Build.0 = Release|x64
		{4A8CE4C3-EF45-401B-BB7E-DC94271F9027}.Release|x86.ActiveCfg = Release|Win32
		{4A8CE4C3-EF45-401B-BB7E-DC94271F9027}.Release|x86.Build.0 = Release|Win32
		{8F634CFF-9D94-4116-9CF6-10B09CD68C50}.Debug|x64.ActiveCfg = Debug|x64
		{8F634CFF-9D94-4116-9CF6-10B09CD68C50}.Debug|x64.Build.0 = Debug|x64
		{8F634CFF-9D94-4116-9CF6-10B09CD68C50}.Debug|x86.ActiveCfg = Debug|Win32
		{8F634CFF-9D94-4116-9CF6-10B09CD68C50}.Debug|x86.Build.0 = Debug|Win32
		{8F634CFF-9D94-4116-9CF6-10B09CD68C50}.Release|x64.ActiveCfg = Release|x64
		{8F634CFF-9D94-4116-9CF6-10B09CD68C50}.Release|x64.Build.0 = Release|x64
		{8F634CFF-9D94-4116-9CF6-10B09CD68C50}.Release|x86.ActiveCfg = Release|Win32
		{8F634CFF-9D94-4116-9CF6-10B09CD68C50}.Release|x86.Build.0 = Release|Win32
	EndGlobalSection
	GlobalSection(SolutionProperties) = preSolution
		HideSolutionNode = FALSE
	EndGlobalSection
	GlobalSection(ExtensibilityGlobals) = postSolution
		SolutionGuid = {A2F64AB3-8170-4619-92B0-A32CE72DE171}
	EndGlobalSection
EndGlobal
